
Microsoft Visual Studio Solution File, Format Version 12.00
Project("{FAE04EC0-301F-11D3-BF4B-00C04F79EFBC}") = "AreaAccountApi", "AreaAccountApi\AreaAccountApi.csproj", "{716386BB-4EED-47BB-B117-06B2EDFB09B1}"
EndProject
Project("{FAE04EC0-301F-11D3-BF4B-00C04F79EFBC}") = "AreaAccountData", "AreaAccountData\AreaAccountData.csproj", "{16B65F72-069B-4EA2-85CE-9B03FEF19E17}"
EndProject
Global
	GlobalSection(SolutionConfigurationPlatforms) = preSolution
		Debug|Any CPU = Debug|Any CPU
		Release|Any CPU = Release|Any CPU
	EndGlobalSection
	GlobalSection(ProjectConfigurationPlatforms) = postSolution
		{716386BB-4EED-47BB-B117-06B2EDFB09B1}.Debug|Any CPU.ActiveCfg = Debug|Any CPU
		{716386BB-4EED-47BB-B117-06B2EDFB09B1}.Debug|Any CPU.Build.0 = Debug|Any CPU
		{716386BB-4EED-47BB-B117-06B2EDFB09B1}.Release|Any CPU.ActiveCfg = Release|Any CPU
		{716386BB-4EED-47BB-B117-06B2EDFB09B1}.Release|Any CPU.Build.0 = Release|Any CPU
		{16B65F72-069B-4EA2-85CE-9B03FEF19E17}.Debug|Any CPU.ActiveCfg = Debug|Any CPU
		{16B65F72-069B-4EA2-85CE-9B03FEF19E17}.Debug|Any CPU.Build.0 = Debug|Any CPU
		{16B65F72-069B-4EA2-85CE-9B03FEF19E17}.Release|Any CPU.ActiveCfg = Release|Any CPU
		{16B65F72-069B-4EA2-85CE-9B03FEF19E17}.Release|Any CPU.Build.0 = Release|Any CPU
	EndGlobalSection
EndGlobal
